
Microsoft Visual Studio Solution File, Format Version 12.00
# Visual Studio 14
VisualStudioVersion = 14.0.25420.1
MinimumVisualStudioVersion = 10.0.40219.1
Project("{FAE04EC0-301F-11D3-BF4B-00C04F79EFBC}") = "HomeBudgetManagment.Api", "HomeBudgetManagment.Api\HomeBudgetManagment.Api.csproj", "{69A62183-96BC-4C3A-9BDF-6743D0874468}"
EndProject
Project("{FAE04EC0-301F-11D3-BF4B-00C04F79EFBC}") = "HomeBudgetManagment.Api.Tests", "HomeBudgetManagment.Api.Tests\HomeBudgetManagment.Api.Tests.csproj", "{290703EF-7871-41EB-ACDC-28FA1D5E51E5}"
EndProject
Project("{FAE04EC0-301F-11D3-BF4B-00C04F79EFBC}") = "HomeBudgetManagment.DTO", "HomeBudgetManagment.DTO\HomeBudgetManagment.DTO.csproj", "{11507619-03A4-4CA7-8711-ED0E4CED1681}"
EndProject
Global
	GlobalSection(SolutionConfigurationPlatforms) = preSolution
		Debug|Any CPU = Debug|Any CPU
		Release|Any CPU = Release|Any CPU
	EndGlobalSection
	GlobalSection(ProjectConfigurationPlatforms) = postSolution
		{69A62183-96BC-4C3A-9BDF-6743D0874468}.Debug|Any CPU.ActiveCfg = Debug|Any CPU
		{69A62183-96BC-4C3A-9BDF-6743D0874468}.Debug|Any CPU.Build.0 = Debug|Any CPU
		{69A62183-96BC-4C3A-9BDF-6743D0874468}.Release|Any CPU.ActiveCfg = Release|Any CPU
		{69A62183-96BC-4C3A-9BDF-6743D0874468}.Release|Any CPU.Build.0 = Release|Any CPU
		{290703EF-7871-41EB-ACDC-28FA1D5E51E5}.Debug|Any CPU.ActiveCfg = Debug|Any CPU
		{290703EF-7871-41EB-ACDC-28FA1D5E51E5}.Debug|Any CPU.Build.0 = Debug|Any CPU
		{290703EF-7871-41EB-ACDC-28FA1D5E51E5}.Release|Any CPU.ActiveCfg = Release|Any CPU
		{290703EF-7871-41EB-ACDC-28FA1D5E51E5}.Release|Any CPU.Build.0 = Release|Any CPU
		{11507619-03A4-4CA7-8711-ED0E4CED1681}.Debug|Any CPU.ActiveCfg = Debug|Any CPU
		{11507619-03A4-4CA7-8711-ED0E4CED1681}.Debug|Any CPU.Build.0 = Debug|Any CPU
		{11507619-03A4-4CA7-8711-ED0E4CED1681}.Release|Any CPU.ActiveCfg = Release|Any CPU
		{11507619-03A4-4CA7-8711-ED0E4CED1681}.Release|Any CPU.Build.0 = Release|Any CPU
	EndGlobalSection
	GlobalSection(SolutionProperties) = preSolution
		HideSolutionNode = FALSE
	EndGlobalSection
EndGlobal
